// !$*UTF8*$!
{
	archiveVersion = 1;
	classes = {
	};
	objectVersion = 51;
	objects = {

/* Begin PBXBuildFile section */
		6010C5F2240D70A20092EC25 /* CheckoutViewController.swift in Sources */ = {isa = PBXBuildFile; fileRef = 6010C5F1240D70A20092EC25 /* CheckoutViewController.swift */; };
		6010C5F4240D70A20092EC25 /* FastViewController.swift in Sources */ = {isa = PBXBuildFile; fileRef = 6010C5F3240D70A20092EC25 /* FastViewController.swift */; };
		6010C5F6240D70A20092EC25 /* DateViewController.swift in Sources */ = {isa = PBXBuildFile; fileRef = 6010C5F5240D70A20092EC25 /* DateViewController.swift */; };
		601A8F04240FD79A00A7FD9E /* MapViewController.swift in Sources */ = {isa = PBXBuildFile; fileRef = 601A8F03240FD79A00A7FD9E /* MapViewController.swift */; };
		602EB74923EA0BBD00480B93 /* BasketElement.swift in Sources */ = {isa = PBXBuildFile; fileRef = 602EB74823EA0BBD00480B93 /* BasketElement.swift */; };
		602EB74B23EA0CE800480B93 /* BasketService.swift in Sources */ = {isa = PBXBuildFile; fileRef = 602EB74A23EA0CE800480B93 /* BasketService.swift */; };
		602EB74D23EA1A5A00480B93 /* BasketViewController.swift in Sources */ = {isa = PBXBuildFile; fileRef = 602EB74C23EA1A5A00480B93 /* BasketViewController.swift */; };
		602EB74F23F2717400480B93 /* UrlLoader.swift in Sources */ = {isa = PBXBuildFile; fileRef = 602EB74E23F2717400480B93 /* UrlLoader.swift */; };
		60550BEE2423B3FB00931934 /* FavoriteCollectionViewCell.swift in Sources */ = {isa = PBXBuildFile; fileRef = 60550BEC2423B3FB00931934 /* FavoriteCollectionViewCell.swift */; };
		60550BEF2423B3FB00931934 /* FavoriteCollectionViewCell.xib in Resources */ = {isa = PBXBuildFile; fileRef = 60550BED2423B3FB00931934 /* FavoriteCollectionViewCell.xib */; };
		6056AB082416BED200593DD1 /* PurchaseHistory.storyboard in Resources */ = {isa = PBXBuildFile; fileRef = 6056AB072416BED200593DD1 /* PurchaseHistory.storyboard */; };
		6056AB0A2416BF7400593DD1 /* PurchaseHistoryViewController.swift in Sources */ = {isa = PBXBuildFile; fileRef = 6056AB092416BF7400593DD1 /* PurchaseHistoryViewController.swift */; };
		6056AB0C2416BF7400593DD1 /* PersistenceService.swift in Sources */ = {isa = PBXBuildFile; fileRef = 6056AB0B2416BF7400593DD1 /* PersistenceService.swift */; };
		6056AB0E2416BF7400593DD1 /* PurchaseHistoryTableViewCell.swift in Sources */ = {isa = PBXBuildFile; fileRef = 6056AB0D2416BF7400593DD1 /* PurchaseHistoryTableViewCell.swift */; };
		607460D224170B2A00D6CF79 /* OrderViewController.swift in Sources */ = {isa = PBXBuildFile; fileRef = 607460D124170B2A00D6CF79 /* OrderViewController.swift */; };
		607460D424170C1B00D6CF79 /* OrderTableViewCell.swift in Sources */ = {isa = PBXBuildFile; fileRef = 607460D324170C1B00D6CF79 /* OrderTableViewCell.swift */; };
		607460DB241802A100D6CF79 /* Order+CoreDataClass.swift in Sources */ = {isa = PBXBuildFile; fileRef = 607460D5241802A100D6CF79 /* Order+CoreDataClass.swift */; };
		607460DC241802A100D6CF79 /* Order+CoreDataProperties.swift in Sources */ = {isa = PBXBuildFile; fileRef = 607460D6241802A100D6CF79 /* Order+CoreDataProperties.swift */; };
		607460DD241802A100D6CF79 /* Info+CoreDataClass.swift in Sources */ = {isa = PBXBuildFile; fileRef = 607460D7241802A100D6CF79 /* Info+CoreDataClass.swift */; };
		607460DE241802A100D6CF79 /* Info+CoreDataProperties.swift in Sources */ = {isa = PBXBuildFile; fileRef = 607460D8241802A100D6CF79 /* Info+CoreDataProperties.swift */; };
		607460DF241802A100D6CF79 /* PurchaseHistory+CoreDataClass.swift in Sources */ = {isa = PBXBuildFile; fileRef = 607460D9241802A100D6CF79 /* PurchaseHistory+CoreDataClass.swift */; };
		607460E0241802A100D6CF79 /* PurchaseHistory+CoreDataProperties.swift in Sources */ = {isa = PBXBuildFile; fileRef = 607460DA241802A100D6CF79 /* PurchaseHistory+CoreDataProperties.swift */; };
		607460E22418130300D6CF79 /* InfoViewController.swift in Sources */ = {isa = PBXBuildFile; fileRef = 607460E12418130300D6CF79 /* InfoViewController.swift */; };
		60765BE023E8E07F003E4503 /* OneProductViewController.swift in Sources */ = {isa = PBXBuildFile; fileRef = 60765BDF23E8E07F003E4503 /* OneProductViewController.swift */; };
		60765BE323E8EB17003E4503 /* OneProductCollectionViewCell.swift in Sources */ = {isa = PBXBuildFile; fileRef = 60765BE123E8EB17003E4503 /* OneProductCollectionViewCell.swift */; };
		60765BE423E8EB17003E4503 /* OneProductCollectionViewCell.xib in Resources */ = {isa = PBXBuildFile; fileRef = 60765BE223E8EB17003E4503 /* OneProductCollectionViewCell.xib */; };
		60765BE923E8F998003E4503 /* Basket.storyboard in Resources */ = {isa = PBXBuildFile; fileRef = 60765BE823E8F998003E4503 /* Basket.storyboard */; };
		60765BED23E8FC5A003E4503 /* Categories.storyboard in Resources */ = {isa = PBXBuildFile; fileRef = 60765BEB23E8FC5A003E4503 /* Categories.storyboard */; };
		6076BFAE2416E3BA003CFCEE /* Pizaza.xcdatamodeld in Sources */ = {isa = PBXBuildFile; fileRef = 6076BFAC2416E3BA003CFCEE /* Pizaza.xcdatamodeld */; };
		607D53BA240973C70032D544 /* CellProductViewController.swift in Sources */ = {isa = PBXBuildFile; fileRef = 607D53B9240973C70032D544 /* CellProductViewController.swift */; };
		607D53BC240BEA140032D544 /* DoubleExtension.swift in Sources */ = {isa = PBXBuildFile; fileRef = 607D53BB240BEA140032D544 /* DoubleExtension.swift */; };
		607D53BE240C0E650032D544 /* UnitsForCalories.swift in Sources */ = {isa = PBXBuildFile; fileRef = 607D53BD240C0E650032D544 /* UnitsForCalories.swift */; };
		608350BF241C341800F3BF69 /* ProfileFood.storyboard in Resources */ = {isa = PBXBuildFile; fileRef = 608350BE241C341800F3BF69 /* ProfileFood.storyboard */; };
		608350C6241E3FEE00F3BF69 /* AuthViewController.swift in Sources */ = {isa = PBXBuildFile; fileRef = 608350C5241E3FEE00F3BF69 /* AuthViewController.swift */; };
		608350C8241E4D3300F3BF69 /* SignInViewController.swift in Sources */ = {isa = PBXBuildFile; fileRef = 608350C7241E4D3300F3BF69 /* SignInViewController.swift */; };
		608350CA241E4D3D00F3BF69 /* RegisterViewController.swift in Sources */ = {isa = PBXBuildFile; fileRef = 608350C9241E4D3D00F3BF69 /* RegisterViewController.swift */; };
		608350CC241E560200F3BF69 /* GoogleService-Info.plist in Resources */ = {isa = PBXBuildFile; fileRef = 608350CB241E560200F3BF69 /* GoogleService-Info.plist */; };
		608350CE241E9F7400F3BF69 /* Helper.swift in Sources */ = {isa = PBXBuildFile; fileRef = 608350CD241E9F7400F3BF69 /* Helper.swift */; };
		608350D0241E9FBD00F3BF69 /* ProfileViewController.swift in Sources */ = {isa = PBXBuildFile; fileRef = 608350CF241E9FBD00F3BF69 /* ProfileViewController.swift */; };
		609A3C16243602A500050572 /* ForgotPassViewController.swift in Sources */ = {isa = PBXBuildFile; fileRef = 609A3C15243602A500050572 /* ForgotPassViewController.swift */; };
		60C5A6E923E742B00087D427 /* CategoriesCollectionViewCell.swift in Sources */ = {isa = PBXBuildFile; fileRef = 60C5A6E723E742B00087D427 /* CategoriesCollectionViewCell.swift */; };
		60C5A6EA23E742B00087D427 /* CategoriesCollectionViewCell.xib in Resources */ = {isa = PBXBuildFile; fileRef = 60C5A6E823E742B00087D427 /* CategoriesCollectionViewCell.xib */; };
		60C5A6ED23E8480D0087D427 /* Categories.swift in Sources */ = {isa = PBXBuildFile; fileRef = 60C5A6EC23E8480D0087D427 /* Categories.swift */; };
		60C5A6EF23E8480D0087D427 /* CategoriesModel.swift in Sources */ = {isa = PBXBuildFile; fileRef = 60C5A6EE23E8480D0087D427 /* CategoriesModel.swift */; };
		60C5A6F123E85D2F0087D427 /* FoodViewController.swift in Sources */ = {isa = PBXBuildFile; fileRef = 60C5A6F023E85D2F0087D427 /* FoodViewController.swift */; };
		60C5A6F423E85E3E0087D427 /* FoodCollectionViewCell.swift in Sources */ = {isa = PBXBuildFile; fileRef = 60C5A6F223E85E3E0087D427 /* FoodCollectionViewCell.swift */; };
		60C5A6F523E85E3E0087D427 /* FoodCollectionViewCell.xib in Resources */ = {isa = PBXBuildFile; fileRef = 60C5A6F323E85E3E0087D427 /* FoodCollectionViewCell.xib */; };
		60C5A6F723E869CC0087D427 /* Food.swift in Sources */ = {isa = PBXBuildFile; fileRef = 60C5A6F623E869CC0087D427 /* Food.swift */; };
		60C5A6F923E871260087D427 /* FoodModel.swift in Sources */ = {isa = PBXBuildFile; fileRef = 60C5A6F823E871260087D427 /* FoodModel.swift */; };
		60E248AA23E750F50053FFE3 /* AppDelegate.swift in Sources */ = {isa = PBXBuildFile; fileRef = 60E248A923E750F50053FFE3 /* AppDelegate.swift */; };
		60E248AC23E750F50053FFE3 /* SceneDelegate.swift in Sources */ = {isa = PBXBuildFile; fileRef = 60E248AB23E750F50053FFE3 /* SceneDelegate.swift */; };
		60E248AE23E750F50053FFE3 /* CategoriesViewController.swift in Sources */ = {isa = PBXBuildFile; fileRef = 60E248AD23E750F50053FFE3 /* CategoriesViewController.swift */; };
		60E248B123E750F50053FFE3 /* Main.storyboard in Resources */ = {isa = PBXBuildFile; fileRef = 60E248AF23E750F50053FFE3 /* Main.storyboard */; };
		60E248B623E750F70053FFE3 /* Assets.xcassets in Resources */ = {isa = PBXBuildFile; fileRef = 60E248B523E750F70053FFE3 /* Assets.xcassets */; };
		60E248B923E750F70053FFE3 /* LaunchScreen.storyboard in Resources */ = {isa = PBXBuildFile; fileRef = 60E248B723E750F70053FFE3 /* LaunchScreen.storyboard */; };
		60F18C1B2405A5F3004B1281 /* BasketTableViewCell.swift in Sources */ = {isa = PBXBuildFile; fileRef = 60F18C192405A5F3004B1281 /* BasketTableViewCell.swift */; };
		D04BDBEE2459D9BF00167D55 /* Reachability.swift in Sources */ = {isa = PBXBuildFile; fileRef = D04BDBED2459D9BF00167D55 /* Reachability.swift */; };
		D04BDBF02459DAF000167D55 /* ReachabilityViewController.swift in Sources */ = {isa = PBXBuildFile; fileRef = D04BDBEF2459DAF000167D55 /* ReachabilityViewController.swift */; };
		D05704DF53DE3C6A01261A04 /* Pods_Pizaza.framework in Frameworks */ = {isa = PBXBuildFile; fileRef = 0334A6A906D2A7AA4E53EE76 /* Pods_Pizaza.framework */; };
/* End PBXBuildFile section */

/* Begin PBXFileReference section */
		0334A6A906D2A7AA4E53EE76 /* Pods_Pizaza.framework */ = {isa = PBXFileReference; explicitFileType = wrapper.framework; includeInIndex = 0; path = Pods_Pizaza.framework; sourceTree = BUILT_PRODUCTS_DIR; };
		158E11E909E9F111E5CD2DCF /* Pods-Pizaza.release.xcconfig */ = {isa = PBXFileReference; includeInIndex = 1; lastKnownFileType = text.xcconfig; name = "Pods-Pizaza.release.xcconfig"; path = "Target Support Files/Pods-Pizaza/Pods-Pizaza.release.xcconfig"; sourceTree = "<group>"; };
		6010C5F1240D70A20092EC25 /* CheckoutViewController.swift */ = {isa = PBXFileReference; lastKnownFileType = sourcecode.swift; path = CheckoutViewController.swift; sourceTree = "<group>"; };
		6010C5F3240D70A20092EC25 /* FastViewController.swift */ = {isa = PBXFileReference; lastKnownFileType = sourcecode.swift; path = FastViewController.swift; sourceTree = "<group>"; };
		6010C5F5240D70A20092EC25 /* DateViewController.swift */ = {isa = PBXFileReference; lastKnownFileType = sourcecode.swift; path = DateViewController.swift; sourceTree = "<group>"; };
		601A8F03240FD79A00A7FD9E /* MapViewController.swift */ = {isa = PBXFileReference; lastKnownFileType = sourcecode.swift; path = MapViewController.swift; sourceTree = "<group>"; };
		602EB74823EA0BBD00480B93 /* BasketElement.swift */ = {isa = PBXFileReference; lastKnownFileType = sourcecode.swift; path = BasketElement.swift; sourceTree = "<group>"; };
		602EB74A23EA0CE800480B93 /* BasketService.swift */ = {isa = PBXFileReference; lastKnownFileType = sourcecode.swift; path = BasketService.swift; sourceTree = "<group>"; };
		602EB74C23EA1A5A00480B93 /* BasketViewController.swift */ = {isa = PBXFileReference; lastKnownFileType = sourcecode.swift; path = BasketViewController.swift; sourceTree = "<group>"; };
		602EB74E23F2717400480B93 /* UrlLoader.swift */ = {isa = PBXFileReference; lastKnownFileType = sourcecode.swift; path = UrlLoader.swift; sourceTree = "<group>"; };
		60550BEC2423B3FB00931934 /* FavoriteCollectionViewCell.swift */ = {isa = PBXFileReference; lastKnownFileType = sourcecode.swift; path = FavoriteCollectionViewCell.swift; sourceTree = "<group>"; };
		60550BED2423B3FB00931934 /* FavoriteCollectionViewCell.xib */ = {isa = PBXFileReference; lastKnownFileType = file.xib; path = FavoriteCollectionViewCell.xib; sourceTree = "<group>"; };
		6056AB072416BED200593DD1 /* PurchaseHistory.storyboard */ = {isa = PBXFileReference; lastKnownFileType = file.storyboard; path = PurchaseHistory.storyboard; sourceTree = "<group>"; };
		6056AB092416BF7400593DD1 /* PurchaseHistoryViewController.swift */ = {isa = PBXFileReference; lastKnownFileType = sourcecode.swift; path = PurchaseHistoryViewController.swift; sourceTree = "<group>"; };
		6056AB0B2416BF7400593DD1 /* PersistenceService.swift */ = {isa = PBXFileReference; lastKnownFileType = sourcecode.swift; path = PersistenceService.swift; sourceTree = "<group>"; };
		6056AB0D2416BF7400593DD1 /* PurchaseHistoryTableViewCell.swift */ = {isa = PBXFileReference; lastKnownFileType = sourcecode.swift; path = PurchaseHistoryTableViewCell.swift; sourceTree = "<group>"; };
		607460D124170B2A00D6CF79 /* OrderViewController.swift */ = {isa = PBXFileReference; lastKnownFileType = sourcecode.swift; path = OrderViewController.swift; sourceTree = "<group>"; };
		607460D324170C1B00D6CF79 /* OrderTableViewCell.swift */ = {isa = PBXFileReference; lastKnownFileType = sourcecode.swift; path = OrderTableViewCell.swift; sourceTree = "<group>"; };
		607460D5241802A100D6CF79 /* Order+CoreDataClass.swift */ = {isa = PBXFileReference; lastKnownFileType = sourcecode.swift; path = "Order+CoreDataClass.swift"; sourceTree = "<group>"; };
		607460D6241802A100D6CF79 /* Order+CoreDataProperties.swift */ = {isa = PBXFileReference; lastKnownFileType = sourcecode.swift; path = "Order+CoreDataProperties.swift"; sourceTree = "<group>"; };
		607460D7241802A100D6CF79 /* Info+CoreDataClass.swift */ = {isa = PBXFileReference; lastKnownFileType = sourcecode.swift; path = "Info+CoreDataClass.swift"; sourceTree = "<group>"; };
		607460D8241802A100D6CF79 /* Info+CoreDataProperties.swift */ = {isa = PBXFileReference; lastKnownFileType = sourcecode.swift; path = "Info+CoreDataProperties.swift"; sourceTree = "<group>"; };
		607460D9241802A100D6CF79 /* PurchaseHistory+CoreDataClass.swift */ = {isa = PBXFileReference; lastKnownFileType = sourcecode.swift; path = "PurchaseHistory+CoreDataClass.swift"; sourceTree = "<group>"; };
		607460DA241802A100D6CF79 /* PurchaseHistory+CoreDataProperties.swift */ = {isa = PBXFileReference; lastKnownFileType = sourcecode.swift; path = "PurchaseHistory+CoreDataProperties.swift"; sourceTree = "<group>"; };
		607460E12418130300D6CF79 /* InfoViewController.swift */ = {isa = PBXFileReference; lastKnownFileType = sourcecode.swift; path = InfoViewController.swift; sourceTree = "<group>"; };
		60765BDF23E8E07F003E4503 /* OneProductViewController.swift */ = {isa = PBXFileReference; lastKnownFileType = sourcecode.swift; path = OneProductViewController.swift; sourceTree = "<group>"; };
		60765BE123E8EB17003E4503 /* OneProductCollectionViewCell.swift */ = {isa = PBXFileReference; lastKnownFileType = sourcecode.swift; path = OneProductCollectionViewCell.swift; sourceTree = "<group>"; };
		60765BE223E8EB17003E4503 /* OneProductCollectionViewCell.xib */ = {isa = PBXFileReference; lastKnownFileType = file.xib; path = OneProductCollectionViewCell.xib; sourceTree = "<group>"; };
		60765BE823E8F998003E4503 /* Basket.storyboard */ = {isa = PBXFileReference; fileEncoding = 4; lastKnownFileType = file.storyboard; path = Basket.storyboard; sourceTree = "<group>"; };
		60765BEC23E8FC5A003E4503 /* Base */ = {isa = PBXFileReference; lastKnownFileType = file.storyboard; name = Base; path = Pizaza/Storyboards/Base.lproj/Categories.storyboard; sourceTree = "<group>"; };
		6076BFAD2416E3BA003CFCEE /* Pizaza.xcdatamodel */ = {isa = PBXFileReference; lastKnownFileType = wrapper.xcdatamodel; path = Pizaza.xcdatamodel; sourceTree = "<group>"; };
		607D53B9240973C70032D544 /* CellProductViewController.swift */ = {isa = PBXFileReference; lastKnownFileType = sourcecode.swift; path = CellProductViewController.swift; sourceTree = "<group>"; };
		607D53BB240BEA140032D544 /* DoubleExtension.swift */ = {isa = PBXFileReference; lastKnownFileType = sourcecode.swift; name = DoubleExtension.swift; path = ../DoubleExtension.swift; sourceTree = "<group>"; };
		607D53BD240C0E650032D544 /* UnitsForCalories.swift */ = {isa = PBXFileReference; lastKnownFileType = sourcecode.swift; path = UnitsForCalories.swift; sourceTree = "<group>"; };
		608350BE241C341800F3BF69 /* ProfileFood.storyboard */ = {isa = PBXFileReference; lastKnownFileType = file.storyboard; path = ProfileFood.storyboard; sourceTree = "<group>"; };
		608350C5241E3FEE00F3BF69 /* AuthViewController.swift */ = {isa = PBXFileReference; lastKnownFileType = sourcecode.swift; path = AuthViewController.swift; sourceTree = "<group>"; };
		608350C7241E4D3300F3BF69 /* SignInViewController.swift */ = {isa = PBXFileReference; lastKnownFileType = sourcecode.swift; path = SignInViewController.swift; sourceTree = "<group>"; };
		608350C9241E4D3D00F3BF69 /* RegisterViewController.swift */ = {isa = PBXFileReference; lastKnownFileType = sourcecode.swift; path = RegisterViewController.swift; sourceTree = "<group>"; };
		608350CB241E560200F3BF69 /* GoogleService-Info.plist */ = {isa = PBXFileReference; fileEncoding = 4; lastKnownFileType = text.plist.xml; path = "GoogleService-Info.plist"; sourceTree = "<group>"; };
		608350CD241E9F7400F3BF69 /* Helper.swift */ = {isa = PBXFileReference; lastKnownFileType = sourcecode.swift; path = Helper.swift; sourceTree = "<group>"; };
		608350CF241E9FBD00F3BF69 /* ProfileViewController.swift */ = {isa = PBXFileReference; lastKnownFileType = sourcecode.swift; path = ProfileViewController.swift; sourceTree = "<group>"; };
		609A3C15243602A500050572 /* ForgotPassViewController.swift */ = {isa = PBXFileReference; lastKnownFileType = sourcecode.swift; path = ForgotPassViewController.swift; sourceTree = "<group>"; };
		60C5A6E723E742B00087D427 /* CategoriesCollectionViewCell.swift */ = {isa = PBXFileReference; lastKnownFileType = sourcecode.swift; path = CategoriesCollectionViewCell.swift; sourceTree = "<group>"; };
		60C5A6E823E742B00087D427 /* CategoriesCollectionViewCell.xib */ = {isa = PBXFileReference; lastKnownFileType = file.xib; path = CategoriesCollectionViewCell.xib; sourceTree = "<group>"; };
		60C5A6EC23E8480D0087D427 /* Categories.swift */ = {isa = PBXFileReference; lastKnownFileType = sourcecode.swift; path = Categories.swift; sourceTree = "<group>"; };
		60C5A6EE23E8480D0087D427 /* CategoriesModel.swift */ = {isa = PBXFileReference; lastKnownFileType = sourcecode.swift; path = CategoriesModel.swift; sourceTree = "<group>"; };
		60C5A6F023E85D2F0087D427 /* FoodViewController.swift */ = {isa = PBXFileReference; lastKnownFileType = sourcecode.swift; path = FoodViewController.swift; sourceTree = "<group>"; };
		60C5A6F223E85E3E0087D427 /* FoodCollectionViewCell.swift */ = {isa = PBXFileReference; lastKnownFileType = sourcecode.swift; path = FoodCollectionViewCell.swift; sourceTree = "<group>"; };
		60C5A6F323E85E3E0087D427 /* FoodCollectionViewCell.xib */ = {isa = PBXFileReference; lastKnownFileType = file.xib; path = FoodCollectionViewCell.xib; sourceTree = "<group>"; };
		60C5A6F623E869CC0087D427 /* Food.swift */ = {isa = PBXFileReference; lastKnownFileType = sourcecode.swift; path = Food.swift; sourceTree = "<group>"; };
		60C5A6F823E871260087D427 /* FoodModel.swift */ = {isa = PBXFileReference; lastKnownFileType = sourcecode.swift; path = FoodModel.swift; sourceTree = "<group>"; };
		60E248A623E750F50053FFE3 /* Pizaza.app */ = {isa = PBXFileReference; explicitFileType = wrapper.application; includeInIndex = 0; path = Pizaza.app; sourceTree = BUILT_PRODUCTS_DIR; };
		60E248A923E750F50053FFE3 /* AppDelegate.swift */ = {isa = PBXFileReference; lastKnownFileType = sourcecode.swift; path = AppDelegate.swift; sourceTree = "<group>"; };
		60E248AB23E750F50053FFE3 /* SceneDelegate.swift */ = {isa = PBXFileReference; lastKnownFileType = sourcecode.swift; path = SceneDelegate.swift; sourceTree = "<group>"; };
		60E248AD23E750F50053FFE3 /* CategoriesViewController.swift */ = {isa = PBXFileReference; lastKnownFileType = sourcecode.swift; path = CategoriesViewController.swift; sourceTree = "<group>"; };
		60E248B023E750F50053FFE3 /* Base */ = {isa = PBXFileReference; lastKnownFileType = file.storyboard; name = Base; path = Base.lproj/Main.storyboard; sourceTree = "<group>"; };
		60E248B523E750F70053FFE3 /* Assets.xcassets */ = {isa = PBXFileReference; lastKnownFileType = folder.assetcatalog; path = Assets.xcassets; sourceTree = "<group>"; };
		60E248B823E750F70053FFE3 /* Base */ = {isa = PBXFileReference; lastKnownFileType = file.storyboard; name = Base; path = Base.lproj/LaunchScreen.storyboard; sourceTree = "<group>"; };
		60E248BA23E750F70053FFE3 /* Info.plist */ = {isa = PBXFileReference; lastKnownFileType = text.plist.xml; path = Info.plist; sourceTree = "<group>"; };
		60F18C192405A5F3004B1281 /* BasketTableViewCell.swift */ = {isa = PBXFileReference; lastKnownFileType = sourcecode.swift; path = BasketTableViewCell.swift; sourceTree = "<group>"; };
		D04BDBED2459D9BF00167D55 /* Reachability.swift */ = {isa = PBXFileReference; lastKnownFileType = sourcecode.swift; path = Reachability.swift; sourceTree = "<group>"; };
		D04BDBEF2459DAF000167D55 /* ReachabilityViewController.swift */ = {isa = PBXFileReference; lastKnownFileType = sourcecode.swift; path = ReachabilityViewController.swift; sourceTree = "<group>"; };
		F008DDC9A96865143B437C00 /* Pods-Pizaza.debug.xcconfig */ = {isa = PBXFileReference; includeInIndex = 1; lastKnownFileType = text.xcconfig; name = "Pods-Pizaza.debug.xcconfig"; path = "Target Support Files/Pods-Pizaza/Pods-Pizaza.debug.xcconfig"; sourceTree = "<group>"; };
/* End PBXFileReference section */

/* Begin PBXFrameworksBuildPhase section */
		60E248A323E750F50053FFE3 /* Frameworks */ = {
			isa = PBXFrameworksBuildPhase;
			buildActionMask = 2147483647;
			files = (
				D05704DF53DE3C6A01261A04 /* Pods_Pizaza.framework in Frameworks */,
			);
			runOnlyForDeploymentPostprocessing = 0;
		};
/* End PBXFrameworksBuildPhase section */

/* Begin PBXGroup section */
		6038CEC82413078F00871655 /* Extensions */ = {
			isa = PBXGroup;
			children = (
				607D53BB240BEA140032D544 /* DoubleExtension.swift */,
				607D53BD240C0E650032D544 /* UnitsForCalories.swift */,
				602EB74E23F2717400480B93 /* UrlLoader.swift */,
			);
			path = Extensions;
			sourceTree = "<group>";
		};
		6056AB062416BDEF00593DD1 /* Entities */ = {
			isa = PBXGroup;
			children = (
				607460D5241802A100D6CF79 /* Order+CoreDataClass.swift */,
				607460D6241802A100D6CF79 /* Order+CoreDataProperties.swift */,
				607460D7241802A100D6CF79 /* Info+CoreDataClass.swift */,
				607460D8241802A100D6CF79 /* Info+CoreDataProperties.swift */,
				607460D9241802A100D6CF79 /* PurchaseHistory+CoreDataClass.swift */,
				607460DA241802A100D6CF79 /* PurchaseHistory+CoreDataProperties.swift */,
			);
			path = Entities;
			sourceTree = "<group>";
		};
		60765BEA23E8FBA0003E4503 /* Storyboards */ = {
			isa = PBXGroup;
			children = (
				60E248AF23E750F50053FFE3 /* Main.storyboard */,
				60765BEB23E8FC5A003E4503 /* Categories.storyboard */,
				60765BE823E8F998003E4503 /* Basket.storyboard */,
				6056AB072416BED200593DD1 /* PurchaseHistory.storyboard */,
				608350BE241C341800F3BF69 /* ProfileFood.storyboard */,
			);
			path = Storyboards;
			sourceTree = "<group>";
		};
		608350C0241E3F3600F3BF69 /* Categories */ = {
			isa = PBXGroup;
			children = (
				60E248AD23E750F50053FFE3 /* CategoriesViewController.swift */,
				60C5A6F023E85D2F0087D427 /* FoodViewController.swift */,
				60765BDF23E8E07F003E4503 /* OneProductViewController.swift */,
				607D53B9240973C70032D544 /* CellProductViewController.swift */,
			);
			path = Categories;
			sourceTree = "<group>";
		};
		608350C2241E3F7400F3BF69 /* Basket */ = {
			isa = PBXGroup;
			children = (
				602EB74C23EA1A5A00480B93 /* BasketViewController.swift */,
				6010C5F1240D70A20092EC25 /* CheckoutViewController.swift */,
				6010C5F3240D70A20092EC25 /* FastViewController.swift */,
				6010C5F5240D70A20092EC25 /* DateViewController.swift */,
				601A8F03240FD79A00A7FD9E /* MapViewController.swift */,
			);
			path = Basket;
			sourceTree = "<group>";
		};
		608350C3241E3F8D00F3BF69 /* PurchaseHistory */ = {
			isa = PBXGroup;
			children = (
				6056AB092416BF7400593DD1 /* PurchaseHistoryViewController.swift */,
				607460D124170B2A00D6CF79 /* OrderViewController.swift */,
				607460E12418130300D6CF79 /* InfoViewController.swift */,
			);
			path = PurchaseHistory;
			sourceTree = "<group>";
		};
		608350C4241E3FAD00F3BF69 /* ProfileFood */ = {
			isa = PBXGroup;
			children = (
				608350C5241E3FEE00F3BF69 /* AuthViewController.swift */,
				609A3C15243602A500050572 /* ForgotPassViewController.swift */,
				608350C7241E4D3300F3BF69 /* SignInViewController.swift */,
				608350C9241E4D3D00F3BF69 /* RegisterViewController.swift */,
				608350CF241E9FBD00F3BF69 /* ProfileViewController.swift */,
				D04BDBEF2459DAF000167D55 /* ReachabilityViewController.swift */,
			);
			path = ProfileFood;
			sourceTree = "<group>";
		};
		60C5A6E523E742650087D427 /* Cells */ = {
			isa = PBXGroup;
			children = (
				60C5A6E723E742B00087D427 /* CategoriesCollectionViewCell.swift */,
				60C5A6E823E742B00087D427 /* CategoriesCollectionViewCell.xib */,
				60C5A6F223E85E3E0087D427 /* FoodCollectionViewCell.swift */,
				60C5A6F323E85E3E0087D427 /* FoodCollectionViewCell.xib */,
				60765BE123E8EB17003E4503 /* OneProductCollectionViewCell.swift */,
				60765BE223E8EB17003E4503 /* OneProductCollectionViewCell.xib */,
				60F18C192405A5F3004B1281 /* BasketTableViewCell.swift */,
				6056AB0D2416BF7400593DD1 /* PurchaseHistoryTableViewCell.swift */,
				607460D324170C1B00D6CF79 /* OrderTableViewCell.swift */,
				60550BEC2423B3FB00931934 /* FavoriteCollectionViewCell.swift */,
				60550BED2423B3FB00931934 /* FavoriteCollectionViewCell.xib */,
			);
			path = Cells;
			sourceTree = "<group>";
		};
		60C5A6E623E7426E0087D427 /* Controllers */ = {
			isa = PBXGroup;
			children = (
				608350C0241E3F3600F3BF69 /* Categories */,
				608350C2241E3F7400F3BF69 /* Basket */,
				608350C3241E3F8D00F3BF69 /* PurchaseHistory */,
				608350C4241E3FAD00F3BF69 /* ProfileFood */,
			);
			path = Controllers;
			sourceTree = "<group>";
		};
		60C5A6EB23E8480D0087D427 /* Model */ = {
			isa = PBXGroup;
			children = (
				60C5A6EC23E8480D0087D427 /* Categories.swift */,
				60C5A6EE23E8480D0087D427 /* CategoriesModel.swift */,
				60C5A6F623E869CC0087D427 /* Food.swift */,
				60C5A6F823E871260087D427 /* FoodModel.swift */,
				602EB74823EA0BBD00480B93 /* BasketElement.swift */,
				602EB74A23EA0CE800480B93 /* BasketService.swift */,
				6056AB0B2416BF7400593DD1 /* PersistenceService.swift */,
				608350CD241E9F7400F3BF69 /* Helper.swift */,
				D04BDBED2459D9BF00167D55 /* Reachability.swift */,
			);
			path = Model;
			sourceTree = "<group>";
		};
		60E2489D23E750F50053FFE3 = {
			isa = PBXGroup;
			children = (
				60E248A823E750F50053FFE3 /* Pizaza */,
				60E248A723E750F50053FFE3 /* Products */,
				921B6D009290B9A6FF452204 /* Pods */,
				966E9F8041E56E8EE0CC6D3E /* Frameworks */,
			);
			sourceTree = "<group>";
		};
		60E248A723E750F50053FFE3 /* Products */ = {
			isa = PBXGroup;
			children = (
				60E248A623E750F50053FFE3 /* Pizaza.app */,
			);
			name = Products;
			sourceTree = "<group>";
		};
		60E248A823E750F50053FFE3 /* Pizaza */ = {
			isa = PBXGroup;
			children = (
				60E248A923E750F50053FFE3 /* AppDelegate.swift */,
				60E248AB23E750F50053FFE3 /* SceneDelegate.swift */,
				6056AB062416BDEF00593DD1 /* Entities */,
				6038CEC82413078F00871655 /* Extensions */,
				60C5A6EB23E8480D0087D427 /* Model */,
				60C5A6E623E7426E0087D427 /* Controllers */,
				60C5A6E523E742650087D427 /* Cells */,
				60765BEA23E8FBA0003E4503 /* Storyboards */,
				60E248B523E750F70053FFE3 /* Assets.xcassets */,
				60E248B723E750F70053FFE3 /* LaunchScreen.storyboard */,
				60E248BA23E750F70053FFE3 /* Info.plist */,
				608350CB241E560200F3BF69 /* GoogleService-Info.plist */,
				6076BFAC2416E3BA003CFCEE /* Pizaza.xcdatamodeld */,
			);
			path = Pizaza;
			sourceTree = "<group>";
		};
		921B6D009290B9A6FF452204 /* Pods */ = {
			isa = PBXGroup;
			children = (
				F008DDC9A96865143B437C00 /* Pods-Pizaza.debug.xcconfig */,
				158E11E909E9F111E5CD2DCF /* Pods-Pizaza.release.xcconfig */,
			);
			path = Pods;
			sourceTree = "<group>";
		};
		966E9F8041E56E8EE0CC6D3E /* Frameworks */ = {
			isa = PBXGroup;
			children = (
				0334A6A906D2A7AA4E53EE76 /* Pods_Pizaza.framework */,
			);
			name = Frameworks;
			sourceTree = "<group>";
		};
/* End PBXGroup section */

/* Begin PBXNativeTarget section */
		60E248A523E750F50053FFE3 /* Pizaza */ = {
			isa = PBXNativeTarget;
			buildConfigurationList = 60E248BD23E750F70053FFE3 /* Build configuration list for PBXNativeTarget "Pizaza" */;
			buildPhases = (
				F83D735863432ED41B33E9D4 /* [CP] Check Pods Manifest.lock */,
				60E248A223E750F50053FFE3 /* Sources */,
				60E248A323E750F50053FFE3 /* Frameworks */,
				60E248A423E750F50053FFE3 /* Resources */,
				BDE04A7359972C892034E9DC /* [CP] Embed Pods Frameworks */,
				EB2E22208D6E10CCB9F91984 /* [CP] Copy Pods Resources */,
			);
			buildRules = (
			);
			dependencies = (
			);
			name = Pizaza;
			productName = Pizaza;
			productReference = 60E248A623E750F50053FFE3 /* Pizaza.app */;
			productType = "com.apple.product-type.application";
		};
/* End PBXNativeTarget section */

/* Begin PBXProject section */
		60E2489E23E750F50053FFE3 /* Project object */ = {
			isa = PBXProject;
			attributes = {
				LastSwiftUpdateCheck = 1100;
				LastUpgradeCheck = 1100;
				ORGANIZATIONNAME = "Vladislav Sharaev";
				TargetAttributes = {
					60E248A523E750F50053FFE3 = {
						CreatedOnToolsVersion = 11.0;
					};
				};
			};
			buildConfigurationList = 60E248A123E750F50053FFE3 /* Build configuration list for PBXProject "Pizaza" */;
			compatibilityVersion = "Xcode 9.3";
			developmentRegion = en;
			hasScannedForEncodings = 0;
			knownRegions = (
				en,
				Base,
			);
			mainGroup = 60E2489D23E750F50053FFE3;
			productRefGroup = 60E248A723E750F50053FFE3 /* Products */;
			projectDirPath = "";
			projectRoot = "";
			targets = (
				60E248A523E750F50053FFE3 /* Pizaza */,
			);
		};
/* End PBXProject section */

/* Begin PBXResourcesBuildPhase section */
		60E248A423E750F50053FFE3 /* Resources */ = {
			isa = PBXResourcesBuildPhase;
			buildActionMask = 2147483647;
			files = (
				608350BF241C341800F3BF69 /* ProfileFood.storyboard in Resources */,
				60C5A6EA23E742B00087D427 /* CategoriesCollectionViewCell.xib in Resources */,
				60E248B923E750F70053FFE3 /* LaunchScreen.storyboard in Resources */,
				60765BED23E8FC5A003E4503 /* Categories.storyboard in Resources */,
				60765BE923E8F998003E4503 /* Basket.storyboard in Resources */,
				60765BE423E8EB17003E4503 /* OneProductCollectionViewCell.xib in Resources */,
				60E248B623E750F70053FFE3 /* Assets.xcassets in Resources */,
				608350CC241E560200F3BF69 /* GoogleService-Info.plist in Resources */,
				60C5A6F523E85E3E0087D427 /* FoodCollectionViewCell.xib in Resources */,
				6056AB082416BED200593DD1 /* PurchaseHistory.storyboard in Resources */,
				60550BEF2423B3FB00931934 /* FavoriteCollectionViewCell.xib in Resources */,
				60E248B123E750F50053FFE3 /* Main.storyboard in Resources */,
			);
			runOnlyForDeploymentPostprocessing = 0;
		};
/* End PBXResourcesBuildPhase section */

/* Begin PBXShellScriptBuildPhase section */
		BDE04A7359972C892034E9DC /* [CP] Embed Pods Frameworks */ = {
			isa = PBXShellScriptBuildPhase;
			buildActionMask = 2147483647;
			files = (
			);
			inputFileListPaths = (
				"${PODS_ROOT}/Target Support Files/Pods-Pizaza/Pods-Pizaza-frameworks-${CONFIGURATION}-input-files.xcfilelist",
			);
			name = "[CP] Embed Pods Frameworks";
			outputFileListPaths = (
				"${PODS_ROOT}/Target Support Files/Pods-Pizaza/Pods-Pizaza-frameworks-${CONFIGURATION}-output-files.xcfilelist",
			);
			runOnlyForDeploymentPostprocessing = 0;
			shellPath = /bin/sh;
			shellScript = "\"${PODS_ROOT}/Target Support Files/Pods-Pizaza/Pods-Pizaza-frameworks.sh\"\n";
			showEnvVarsInLog = 0;
		};
		EB2E22208D6E10CCB9F91984 /* [CP] Copy Pods Resources */ = {
			isa = PBXShellScriptBuildPhase;
			buildActionMask = 2147483647;
			files = (
			);
			inputFileListPaths = (
				"${PODS_ROOT}/Target Support Files/Pods-Pizaza/Pods-Pizaza-resources-${CONFIGURATION}-input-files.xcfilelist",
			);
			name = "[CP] Copy Pods Resources";
			outputFileListPaths = (
				"${PODS_ROOT}/Target Support Files/Pods-Pizaza/Pods-Pizaza-resources-${CONFIGURATION}-output-files.xcfilelist",
			);
			runOnlyForDeploymentPostprocessing = 0;
			shellPath = /bin/sh;
			shellScript = "\"${PODS_ROOT}/Target Support Files/Pods-Pizaza/Pods-Pizaza-resources.sh\"\n";
			showEnvVarsInLog = 0;
		};
		F83D735863432ED41B33E9D4 /* [CP] Check Pods Manifest.lock */ = {
			isa = PBXShellScriptBuildPhase;
			buildActionMask = 2147483647;
			files = (
			);
			inputFileListPaths = (
			);
			inputPaths = (
				"${PODS_PODFILE_DIR_PATH}/Podfile.lock",
				"${PODS_ROOT}/Manifest.lock",
			);
			name = "[CP] Check Pods Manifest.lock";
			outputFileListPaths = (
			);
			outputPaths = (
				"$(DERIVED_FILE_DIR)/Pods-Pizaza-checkManifestLockResult.txt",
			);
			runOnlyForDeploymentPostprocessing = 0;
			shellPath = /bin/sh;
			shellScript = "diff \"${PODS_PODFILE_DIR_PATH}/Podfile.lock\" \"${PODS_ROOT}/Manifest.lock\" > /dev/null\nif [ $? != 0 ] ; then\n    # print error to STDERR\n    echo \"error: The sandbox is not in sync with the Podfile.lock. Run 'pod install' or update your CocoaPods installation.\" >&2\n    exit 1\nfi\n# This output is used by Xcode 'outputs' to avoid re-running this script phase.\necho \"SUCCESS\" > \"${SCRIPT_OUTPUT_FILE_0}\"\n";
			showEnvVarsInLog = 0;
		};
/* End PBXShellScriptBuildPhase section */

/* Begin PBXSourcesBuildPhase section */
		60E248A223E750F50053FFE3 /* Sources */ = {
			isa = PBXSourcesBuildPhase;
			buildActionMask = 2147483647;
			files = (
				60E248AE23E750F50053FFE3 /* CategoriesViewController.swift in Sources */,
				60F18C1B2405A5F3004B1281 /* BasketTableViewCell.swift in Sources */,
				602EB74F23F2717400480B93 /* UrlLoader.swift in Sources */,
				607460DF241802A100D6CF79 /* PurchaseHistory+CoreDataClass.swift in Sources */,
				60765BE323E8EB17003E4503 /* OneProductCollectionViewCell.swift in Sources */,
				608350C8241E4D3300F3BF69 /* SignInViewController.swift in Sources */,
				60E248AA23E750F50053FFE3 /* AppDelegate.swift in Sources */,
				607D53BE240C0E650032D544 /* UnitsForCalories.swift in Sources */,
				607460D424170C1B00D6CF79 /* OrderTableViewCell.swift in Sources */,
				602EB74B23EA0CE800480B93 /* BasketService.swift in Sources */,
				60C5A6F923E871260087D427 /* FoodModel.swift in Sources */,
				608350CA241E4D3D00F3BF69 /* RegisterViewController.swift in Sources */,
				601A8F04240FD79A00A7FD9E /* MapViewController.swift in Sources */,
				60C5A6F123E85D2F0087D427 /* FoodViewController.swift in Sources */,
				607460DB241802A100D6CF79 /* Order+CoreDataClass.swift in Sources */,
				60E248AC23E750F50053FFE3 /* SceneDelegate.swift in Sources */,
				60C5A6EF23E8480D0087D427 /* CategoriesModel.swift in Sources */,
				6056AB0E2416BF7400593DD1 /* PurchaseHistoryTableViewCell.swift in Sources */,
				60550BEE2423B3FB00931934 /* FavoriteCollectionViewCell.swift in Sources */,
				608350D0241E9FBD00F3BF69 /* ProfileViewController.swift in Sources */,
				609A3C16243602A500050572 /* ForgotPassViewController.swift in Sources */,
				608350C6241E3FEE00F3BF69 /* AuthViewController.swift in Sources */,
				60C5A6E923E742B00087D427 /* CategoriesCollectionViewCell.swift in Sources */,
				D04BDBEE2459D9BF00167D55 /* Reachability.swift in Sources */,
				607460DC241802A100D6CF79 /* Order+CoreDataProperties.swift in Sources */,
				607460DD241802A100D6CF79 /* Info+CoreDataClass.swift in Sources */,
				607460E0241802A100D6CF79 /* PurchaseHistory+CoreDataProperties.swift in Sources */,
				607D53BA240973C70032D544 /* CellProductViewController.swift in Sources */,
				602EB74923EA0BBD00480B93 /* BasketElement.swift in Sources */,
				607460E22418130300D6CF79 /* InfoViewController.swift in Sources */,
				608350CE241E9F7400F3BF69 /* Helper.swift in Sources */,
				60C5A6F723E869CC0087D427 /* Food.swift in Sources */,
				6010C5F6240D70A20092EC25 /* DateViewController.swift in Sources */,
				6010C5F2240D70A20092EC25 /* CheckoutViewController.swift in Sources */,
				60C5A6F423E85E3E0087D427 /* FoodCollectionViewCell.swift in Sources */,
				6010C5F4240D70A20092EC25 /* FastViewController.swift in Sources */,
				D04BDBF02459DAF000167D55 /* ReachabilityViewController.swift in Sources */,
				6056AB0C2416BF7400593DD1 /* PersistenceService.swift in Sources */,
				6076BFAE2416E3BA003CFCEE /* Pizaza.xcdatamodeld in Sources */,
				6056AB0A2416BF7400593DD1 /* PurchaseHistoryViewController.swift in Sources */,
				60C5A6ED23E8480D0087D427 /* Categories.swift in Sources */,
				607460DE241802A100D6CF79 /* Info+CoreDataProperties.swift in Sources */,
				607460D224170B2A00D6CF79 /* OrderViewController.swift in Sources */,
				602EB74D23EA1A5A00480B93 /* BasketViewController.swift in Sources */,
				607D53BC240BEA140032D544 /* DoubleExtension.swift in Sources */,
				60765BE023E8E07F003E4503 /* OneProductViewController.swift in Sources */,
			);
			runOnlyForDeploymentPostprocessing = 0;
		};
/* End PBXSourcesBuildPhase section */

/* Begin PBXVariantGroup section */
		60765BEB23E8FC5A003E4503 /* Categories.storyboard */ = {
			isa = PBXVariantGroup;
			children = (
				60765BEC23E8FC5A003E4503 /* Base */,
			);
			name = Categories.storyboard;
			sourceTree = "<group>";
		};
		60E248AF23E750F50053FFE3 /* Main.storyboard */ = {
			isa = PBXVariantGroup;
			children = (
				60E248B023E750F50053FFE3 /* Base */,
			);
			name = Main.storyboard;
			sourceTree = "<group>";
		};
		60E248B723E750F70053FFE3 /* LaunchScreen.storyboard */ = {
			isa = PBXVariantGroup;
			children = (
				60E248B823E750F70053FFE3 /* Base */,
			);
			name = LaunchScreen.storyboard;
			sourceTree = "<group>";
		};
/* End PBXVariantGroup section */

/* Begin XCBuildConfiguration section */
		60E248BB23E750F70053FFE3 /* Debug */ = {
			isa = XCBuildConfiguration;
			buildSettings = {
				ALWAYS_SEARCH_USER_PATHS = NO;
				CLANG_ANALYZER_NONNULL = YES;
				CLANG_ANALYZER_NUMBER_OBJECT_CONVERSION = YES_AGGRESSIVE;
				CLANG_CXX_LANGUAGE_STANDARD = "gnu++14";
				CLANG_CXX_LIBRARY = "libc++";
				CLANG_ENABLE_MODULES = YES;
				CLANG_ENABLE_OBJC_ARC = YES;
				CLANG_ENABLE_OBJC_WEAK = YES;
				CLANG_WARN_BLOCK_CAPTURE_AUTORELEASING = YES;
				CLANG_WARN_BOOL_CONVERSION = YES;
				CLANG_WARN_COMMA = YES;
				CLANG_WARN_CONSTANT_CONVERSION = YES;
				CLANG_WARN_DEPRECATED_OBJC_IMPLEMENTATIONS = YES;
				CLANG_WARN_DIRECT_OBJC_ISA_USAGE = YES_ERROR;
				CLANG_WARN_DOCUMENTATION_COMMENTS = YES;
				CLANG_WARN_EMPTY_BODY = YES;
				CLANG_WARN_ENUM_CONVERSION = YES;
				CLANG_WARN_INFINITE_RECURSION = YES;
				CLANG_WARN_INT_CONVERSION = YES;
				CLANG_WARN_NON_LITERAL_NULL_CONVERSION = YES;
				CLANG_WARN_OBJC_IMPLICIT_RETAIN_SELF = YES;
				CLANG_WARN_OBJC_LITERAL_CONVERSION = YES;
				CLANG_WARN_OBJC_ROOT_CLASS = YES_ERROR;
				CLANG_WARN_RANGE_LOOP_ANALYSIS = YES;
				CLANG_WARN_STRICT_PROTOTYPES = YES;
				CLANG_WARN_SUSPICIOUS_MOVE = YES;
				CLANG_WARN_UNGUARDED_AVAILABILITY = YES_AGGRESSIVE;
				CLANG_WARN_UNREACHABLE_CODE = YES;
				CLANG_WARN__DUPLICATE_METHOD_MATCH = YES;
				COPY_PHASE_STRIP = NO;
				DEBUG_INFORMATION_FORMAT = dwarf;
				ENABLE_STRICT_OBJC_MSGSEND = YES;
				ENABLE_TESTABILITY = YES;
				GCC_C_LANGUAGE_STANDARD = gnu11;
				GCC_DYNAMIC_NO_PIC = NO;
				GCC_NO_COMMON_BLOCKS = YES;
				GCC_OPTIMIZATION_LEVEL = 0;
				GCC_PREPROCESSOR_DEFINITIONS = (
					"DEBUG=1",
					"$(inherited)",
				);
				GCC_WARN_64_TO_32_BIT_CONVERSION = YES;
				GCC_WARN_ABOUT_RETURN_TYPE = YES_ERROR;
				GCC_WARN_UNDECLARED_SELECTOR = YES;
				GCC_WARN_UNINITIALIZED_AUTOS = YES_AGGRESSIVE;
				GCC_WARN_UNUSED_FUNCTION = YES;
				GCC_WARN_UNUSED_VARIABLE = YES;
				IPHONEOS_DEPLOYMENT_TARGET = 13.0;
				MTL_ENABLE_DEBUG_INFO = INCLUDE_SOURCE;
				MTL_FAST_MATH = YES;
				ONLY_ACTIVE_ARCH = YES;
				SDKROOT = iphoneos;
				SWIFT_ACTIVE_COMPILATION_CONDITIONS = DEBUG;
				SWIFT_OPTIMIZATION_LEVEL = "-Onone";
			};
			name = Debug;
		};
		60E248BC23E750F70053FFE3 /* Release */ = {
			isa = XCBuildConfiguration;
			buildSettings = {
				ALWAYS_SEARCH_USER_PATHS = NO;
				CLANG_ANALYZER_NONNULL = YES;
				CLANG_ANALYZER_NUMBER_OBJECT_CONVERSION = YES_AGGRESSIVE;
				CLANG_CXX_LANGUAGE_STANDARD = "gnu++14";
				CLANG_CXX_LIBRARY = "libc++";
				CLANG_ENABLE_MODULES = YES;
				CLANG_ENABLE_OBJC_ARC = YES;
				CLANG_ENABLE_OBJC_WEAK = YES;
				CLANG_WARN_BLOCK_CAPTURE_AUTORELEASING = YES;
				CLANG_WARN_BOOL_CONVERSION = YES;
				CLANG_WARN_COMMA = YES;
				CLANG_WARN_CONSTANT_CONVERSION = YES;
				CLANG_WARN_DEPRECATED_OBJC_IMPLEMENTATIONS = YES;
				CLANG_WARN_DIRECT_OBJC_ISA_USAGE = YES_ERROR;
				CLANG_WARN_DOCUMENTATION_COMMENTS = YES;
				CLANG_WARN_EMPTY_BODY = YES;
				CLANG_WARN_ENUM_CONVERSION = YES;
				CLANG_WARN_INFINITE_RECURSION = YES;
				CLANG_WARN_INT_CONVERSION = YES;
				CLANG_WARN_NON_LITERAL_NULL_CONVERSION = YES;
				CLANG_WARN_OBJC_IMPLICIT_RETAIN_SELF = YES;
				CLANG_WARN_OBJC_LITERAL_CONVERSION = YES;
				CLANG_WARN_OBJC_ROOT_CLASS = YES_ERROR;
				CLANG_WARN_RANGE_LOOP_ANALYSIS = YES;
				CLANG_WARN_STRICT_PROTOTYPES = YES;
				CLANG_WARN_SUSPICIOUS_MOVE = YES;
				CLANG_WARN_UNGUARDED_AVAILABILITY = YES_AGGRESSIVE;
				CLANG_WARN_UNREACHABLE_CODE = YES;
				CLANG_WARN__DUPLICATE_METHOD_MATCH = YES;
				COPY_PHASE_STRIP = NO;
				DEBUG_INFORMATION_FORMAT = "dwarf-with-dsym";
				ENABLE_NS_ASSERTIONS = NO;
				ENABLE_STRICT_OBJC_MSGSEND = YES;
				GCC_C_LANGUAGE_STANDARD = gnu11;
				GCC_NO_COMMON_BLOCKS = YES;
				GCC_WARN_64_TO_32_BIT_CONVERSION = YES;
				GCC_WARN_ABOUT_RETURN_TYPE = YES_ERROR;
				GCC_WARN_UNDECLARED_SELECTOR = YES;
				GCC_WARN_UNINITIALIZED_AUTOS = YES_AGGRESSIVE;
				GCC_WARN_UNUSED_FUNCTION = YES;
				GCC_WARN_UNUSED_VARIABLE = YES;
				IPHONEOS_DEPLOYMENT_TARGET = 13.0;
				MTL_ENABLE_DEBUG_INFO = NO;
				MTL_FAST_MATH = YES;
				SDKROOT = iphoneos;
				SWIFT_COMPILATION_MODE = wholemodule;
				SWIFT_OPTIMIZATION_LEVEL = "-O";
				VALIDATE_PRODUCT = YES;
			};
			name = Release;
		};
		60E248BE23E750F70053FFE3 /* Debug */ = {
			isa = XCBuildConfiguration;
			baseConfigurationReference = F008DDC9A96865143B437C00 /* Pods-Pizaza.debug.xcconfig */;
			buildSettings = {
				ASSETCATALOG_COMPILER_APPICON_NAME = AppIcon;
				CODE_SIGN_STYLE = Automatic;
				DEVELOPMENT_TEAM = 3B3V58P696;
				INFOPLIST_FILE = Pizaza/Info.plist;
				LD_RUNPATH_SEARCH_PATHS = (
					"$(inherited)",
					"@executable_path/Frameworks",
				);
				PRODUCT_BUNDLE_IDENTIFIER = Vladislav.Pizaza;
				PRODUCT_NAME = "$(TARGET_NAME)";
				SWIFT_VERSION = 5.0;
				TARGETED_DEVICE_FAMILY = "1,2";
			};
			name = Debug;
		};
		60E248BF23E750F70053FFE3 /* Release */ = {
			isa = XCBuildConfiguration;
			baseConfigurationReference = 158E11E909E9F111E5CD2DCF /* Pods-Pizaza.release.xcconfig */;
			buildSettings = {
				ASSETCATALOG_COMPILER_APPICON_NAME = AppIcon;
				CODE_SIGN_STYLE = Automatic;
				DEVELOPMENT_TEAM = 3B3V58P696;
				INFOPLIST_FILE = Pizaza/Info.plist;
				LD_RUNPATH_SEARCH_PATHS = (
					"$(inherited)",
					"@executable_path/Frameworks",
				);
				PRODUCT_BUNDLE_IDENTIFIER = Vladislav.Pizaza;
				PRODUCT_NAME = "$(TARGET_NAME)";
				SWIFT_VERSION = 5.0;
				TARGETED_DEVICE_FAMILY = "1,2";
			};
			name = Release;
		};
/* End XCBuildConfiguration section */

/* Begin XCConfigurationList section */
		60E248A123E750F50053FFE3 /* Build configuration list for PBXProject "Pizaza" */ = {
			isa = XCConfigurationList;
			buildConfigurations = (
				60E248BB23E750F70053FFE3 /* Debug */,
				60E248BC23E750F70053FFE3 /* Release */,
			);
			defaultConfigurationIsVisible = 0;
			defaultConfigurationName = Release;
		};
		60E248BD23E750F70053FFE3 /* Build configuration list for PBXNativeTarget "Pizaza" */ = {
			isa = XCConfigurationList;
			buildConfigurations = (
				60E248BE23E750F70053FFE3 /* Debug */,
				60E248BF23E750F70053FFE3 /* Release */,
			);
			defaultConfigurationIsVisible = 0;
			defaultConfigurationName = Release;
		};
/* End XCConfigurationList section */

/* Begin XCVersionGroup section */
		6076BFAC2416E3BA003CFCEE /* Pizaza.xcdatamodeld */ = {
			isa = XCVersionGroup;
			children = (
				6076BFAD2416E3BA003CFCEE /* Pizaza.xcdatamodel */,
			);
			currentVersion = 6076BFAD2416E3BA003CFCEE /* Pizaza.xcdatamodel */;
			name = Pizaza.xcdatamodeld;
			path = Storyboards/Pizaza.xcdatamodeld;
			sourceTree = "<group>";
			versionGroupType = wrapper.xcdatamodel;
		};
/* End XCVersionGroup section */
	};
	rootObject = 60E2489E23E750F50053FFE3 /* Project object */;
}
